
Microsoft Visual Studio Solution File, Format Version 12.00
# Visual Studio 15
Project("{FAE04EC0-301F-11D3-BF4B-00C04F79EFBC}") = "Assembly-CSharp", "Assembly-CSharp.csproj", "{7101C995-4305-8286-60AE-0567B775F217}"
EndProject
Project("{FAE04EC0-301F-11D3-BF4B-00C04F79EFBC}") = "Assembly-CSharp-firstpass", "Assembly-CSharp-firstpass.csproj", "{7A009788-E3EE-2362-4F4B-FB53A7106156}"
EndProject
Project("{FAE04EC0-301F-11D3-BF4B-00C04F79EFBC}") = "Assembly-CSharp-Editor-firstpass", "Assembly-CSharp-Editor-firstpass.csproj", "{7091601B-1872-1962-83C6-9209FF5390C4}"
EndProject
Project("{FAE04EC0-301F-11D3-BF4B-00C04F79EFBC}") = "Assembly-CSharp-Editor", "Assembly-CSharp-Editor.csproj", "{52894464-8563-71FA-5354-BC72B5F095FC}"
EndProject
Global
	GlobalSection(SolutionConfigurationPlatforms) = preSolution
		Debug|Any CPU = Debug|Any CPU
		Release|Any CPU = Release|Any CPU
	EndGlobalSection
	GlobalSection(ProjectConfigurationPlatforms) = postSolution
		{7101C995-4305-8286-60AE-0567B775F217}.Debug|Any CPU.ActiveCfg = Debug|Any CPU
		{7101C995-4305-8286-60AE-0567B775F217}.Debug|Any CPU.Build.0 = Debug|Any CPU
		{7101C995-4305-8286-60AE-0567B775F217}.Release|Any CPU.ActiveCfg = Release|Any CPU
		{7101C995-4305-8286-60AE-0567B775F217}.Release|Any CPU.Build.0 = Release|Any CPU
		{7A009788-E3EE-2362-4F4B-FB53A7106156}.Debug|Any CPU.ActiveCfg = Debug|Any CPU
		{7A009788-E3EE-2362-4F4B-FB53A7106156}.Debug|Any CPU.Build.0 = Debug|Any CPU
		{7A009788-E3EE-2362-4F4B-FB53A7106156}.Release|Any CPU.ActiveCfg = Release|Any CPU
		{7A009788-E3EE-2362-4F4B-FB53A7106156}.Release|Any CPU.Build.0 = Release|Any CPU
		{7091601B-1872-1962-83C6-9209FF5390C4}.Debug|Any CPU.ActiveCfg = Debug|Any CPU
		{7091601B-1872-1962-83C6-9209FF5390C4}.Debug|Any CPU.Build.0 = Debug|Any CPU
		{7091601B-1872-1962-83C6-9209FF5390C4}.Release|Any CPU.ActiveCfg = Release|Any CPU
		{7091601B-1872-1962-83C6-9209FF5390C4}.Release|Any CPU.Build.0 = Release|Any CPU
		{52894464-8563-71FA-5354-BC72B5F095FC}.Debug|Any CPU.ActiveCfg = Debug|Any CPU
		{52894464-8563-71FA-5354-BC72B5F095FC}.Debug|Any CPU.Build.0 = Debug|Any CPU
		{52894464-8563-71FA-5354-BC72B5F095FC}.Release|Any CPU.ActiveCfg = Release|Any CPU
		{52894464-8563-71FA-5354-BC72B5F095FC}.Release|Any CPU.Build.0 = Release|Any CPU
	EndGlobalSection
	GlobalSection(SolutionProperties) = preSolution
		HideSolutionNode = FALSE
	EndGlobalSection
EndGlobal
